{
	archiveVersion = 1;
	classes = {
	};
	objectVersion = 54;
	objects = {

		1498D2341E8E89220040F4C2 
		331C8085294A63A400263BE5 
		9705A1C41CF9048500538489 
		1498D2321E8E86230040F4C2 
		97C146EB1CF9000F007C117D 
		331C8082294A63A400263BE5 
		331C8080294A63A400263BE5 
		97C146E61CF9000F007C117D 
		331C807F294A63A400263BE5 
		3B06AD1E1E4923F5004D2608 
		331C807D294A63A400263BE5 
		331C8086294A63A400263BE5 
		97C146FA1CF9000F007C117D 
		249021D3217E4FDB00AE95B9 
		331C8087294A63A400263BE5 	};
	rootObject = 97C146E61CF9000F007C117D /* Project object */;
}
