{
	archiveVersion = 1;
	classes = {
	};
	objectVersion = 54;
	objects = {

		33CC111A2044C6BA0003C045 
		331C80D8294CF71000263BE5 
		331C80D9294CF71000263BE5 
		33CC110E2044A8840003C045 
		331C80D5294CF71000263BE5 
		331C80D2294CF70F00263BE5 
		331C80D6294CF71000263BE5 
		331C80D4294CF70F00263BE5 
		33CC10E52044A3C60003C045 
		331C80D3294CF70F00263BE5 
		3399D490228B24CF009A79C7 
		331C80D1294CF70F00263BE5 
		331C80DA294CF71000263BE5 
		33CC10F42044A3C60003C045 
		331C80DB294CF71000263BE5 
		331C80DE294CF71000263BE5 	};
	rootObject = 33CC10E52044A3C60003C045 /* Project object */;
}
